
Microsoft Visual Studio Solution File, Format Version 12.00
# Visual Studio Version 17
VisualStudioVersion = 17.10.35027.167
MinimumVisualStudioVersion = 10.0.40219.1
Project("{FAE04EC0-301F-11D3-BF4B-00C04F79EFBC}") = "I2FCONSEIL", "I2FCONSEIL\I2FCONSEIL.csproj", "{69378264-5240-4013-8415-B701B534E361}"
EndProject
Global
	GlobalSection(SolutionConfigurationPlatforms) = preSolution
		Debug|Any CPU = Debug|Any CPU
		Release|Any CPU = Release|Any CPU
	EndGlobalSection
	GlobalSection(ProjectConfigurationPlatforms) = postSolution
		{69378264-5240-4013-8415-B701B534E361}.Debug|Any CPU.ActiveCfg = Debug|Any CPU
		{69378264-5240-4013-8415-B701B534E361}.Debug|Any CPU.Build.0 = Debug|Any CPU
		{69378264-5240-4013-8415-B701B534E361}.Release|Any CPU.ActiveCfg = Release|Any CPU
		{69378264-5240-4013-8415-B701B534E361}.Release|Any CPU.Build.0 = Release|Any CPU
	EndGlobalSection
	GlobalSection(SolutionProperties) = preSolution
		HideSolutionNode = FALSE
	EndGlobalSection
	GlobalSection(ExtensibilityGlobals) = postSolution
		SolutionGuid = {D96CB869-5E3D-4DDE-920B-FC4555194688}
	EndGlobalSection
EndGlobal
